
Microsoft Visual Studio Solution File, Format Version 12.00
# Visual Studio 14
VisualStudioVersion = 14.0.24720.0
MinimumVisualStudioVersion = 10.0.40219.1
Project("{FAE04EC0-301F-11D3-BF4B-00C04F79EFBC}") = "Notification", "Notification\Notification.csproj", "{0C18D047-E725-46E1-8C9B-522D4A807FFF}"
EndProject
Project("{2150E333-8FDC-42A3-9474-1A3956D46DE8}") = "Solution items", "Solution items", "{19E42C7A-DD68-409E-89F6-AFF462DB6C51}"
	ProjectSection(SolutionItems) = preProject
		..\tools\scripts\CreateNuGetPackages.ps1 = ..\tools\scripts\CreateNuGetPackages.ps1
		nuget\snadmin\install-notification\manifest.xml = nuget\snadmin\install-notification\manifest.xml
	EndProjectSection
EndProject
Project("{FAE04EC0-301F-11D3-BF4B-00C04F79EFBC}") = "Notification.Portlets", "Notification.Portlets\Notification.Portlets.csproj", "{C62DE588-DD3D-495E-8288-ECE36ED42A60}"
EndProject
Global
	GlobalSection(SolutionConfigurationPlatforms) = preSolution
		Debug|Any CPU = Debug|Any CPU
		Release|Any CPU = Release|Any CPU
	EndGlobalSection
	GlobalSection(ProjectConfigurationPlatforms) = postSolution
		{0C18D047-E725-46E1-8C9B-522D4A807FFF}.Debug|Any CPU.ActiveCfg = Debug|Any CPU
		{0C18D047-E725-46E1-8C9B-522D4A807FFF}.Debug|Any CPU.Build.0 = Debug|Any CPU
		{0C18D047-E725-46E1-8C9B-522D4A807FFF}.Release|Any CPU.ActiveCfg = Release|Any CPU
		{0C18D047-E725-46E1-8C9B-522D4A807FFF}.Release|Any CPU.Build.0 = Release|Any CPU
		{C62DE588-DD3D-495E-8288-ECE36ED42A60}.Debug|Any CPU.ActiveCfg = Debug|Any CPU
		{C62DE588-DD3D-495E-8288-ECE36ED42A60}.Debug|Any CPU.Build.0 = Debug|Any CPU
		{C62DE588-DD3D-495E-8288-ECE36ED42A60}.Release|Any CPU.ActiveCfg = Release|Any CPU
		{C62DE588-DD3D-495E-8288-ECE36ED42A60}.Release|Any CPU.Build.0 = Release|Any CPU
	EndGlobalSection
	GlobalSection(SolutionProperties) = preSolution
		HideSolutionNode = FALSE
	EndGlobalSection
EndGlobal
